
Microsoft Visual Studio Solution File, Format Version 12.00
# Visual Studio Version 17
VisualStudioVersion = 17.0.32112.339
MinimumVisualStudioVersion = 10.0.40219.1
Project("{2150E333-8FDC-42A3-9474-1A3956D46DE8}") = "Application", "Application", "{255C5A3C-C1B3-4CFE-BB5C-33C35F10F424}"
EndProject
Project("{2150E333-8FDC-42A3-9474-1A3956D46DE8}") = "Domain", "Domain", "{59CD9A80-9EA2-4135-B709-BE2A01B44F54}"
EndProject
Project("{2150E333-8FDC-42A3-9474-1A3956D46DE8}") = "Infra.IoC", "Infra.IoC", "{365F6108-2089-4E86-8497-0655F9A3F63A}"
EndProject
Project("{2150E333-8FDC-42A3-9474-1A3956D46DE8}") = "Infra.Data", "Infra.Data", "{CE54C555-4AD5-4370-9515-A6E0643DA719}"
EndProject
Project("{2150E333-8FDC-42A3-9474-1A3956D46DE8}") = "WebAPI", "WebAPI", "{8C5F454D-D5E4-4757-A9E6-C28F20EDED79}"
EndProject
Project("{9A19103F-16F7-4668-BE54-9A1E7A4F7556}") = "MozdAsa.Domain", "MozdAsa.Domain\MozdAsa.Domain.csproj", "{58EB6596-6475-4C85-B5C9-B36BC6FA3A10}"
EndProject
Project("{9A19103F-16F7-4668-BE54-9A1E7A4F7556}") = "MozdAsa.Data", "MozdAsa.Data\MozdAsa.Data.csproj", "{A5085734-3342-4DB0-99DF-6BDD7E533555}"
EndProject
Project("{9A19103F-16F7-4668-BE54-9A1E7A4F7556}") = "MozdAsa.Core", "MozdAsa.Core\MozdAsa.Core.csproj", "{0D23D4D3-BEBC-4192-B7F6-9F309406AEE7}"
EndProject
Project("{9A19103F-16F7-4668-BE54-9A1E7A4F7556}") = "MozdAsa.IoC", "MozdAsa.IoC\MozdAsa.IoC.csproj", "{BED80B3B-C0BF-4047-876B-4B452BA1023C}"
EndProject
Project("{9A19103F-16F7-4668-BE54-9A1E7A4F7556}") = "MozdAsaWebAPI", "MozdAsaWebAPI\MozdAsaWebAPI.csproj", "{2A0C1E1A-D433-4EFF-8F4F-801ACF3C94D4}"
EndProject
Project("{2150E333-8FDC-42A3-9474-1A3956D46DE8}") = "Presentation", "Presentation", "{44230358-559C-40E7-8A34-EF38B15756A5}"
EndProject
Project("{2150E333-8FDC-42A3-9474-1A3956D46DE8}") = "UnitTest", "UnitTest", "{4F786D9E-429C-441F-B513-C4C01F90752E}"
EndProject
Project("{9A19103F-16F7-4668-BE54-9A1E7A4F7556}") = "MozdAsaTest", "MozdAsaTest\MozdAsaTest.csproj", "{DD710A43-017D-4CCB-B0DF-004DD20D7E47}"
EndProject
Project("{9A19103F-16F7-4668-BE54-9A1E7A4F7556}") = "MozdAsa.Web", "MozdAsa.Web\MozdAsa.Web.csproj", "{99542885-61AF-4C98-BB5F-5FB7F58D7614}"
EndProject
Global
	GlobalSection(SolutionConfigurationPlatforms) = preSolution
		Debug|Any CPU = Debug|Any CPU
		Release|Any CPU = Release|Any CPU
	EndGlobalSection
	GlobalSection(ProjectConfigurationPlatforms) = postSolution
		{58EB6596-6475-4C85-B5C9-B36BC6FA3A10}.Debug|Any CPU.ActiveCfg = Debug|Any CPU
		{58EB6596-6475-4C85-B5C9-B36BC6FA3A10}.Debug|Any CPU.Build.0 = Debug|Any CPU
		{58EB6596-6475-4C85-B5C9-B36BC6FA3A10}.Release|Any CPU.ActiveCfg = Release|Any CPU
		{58EB6596-6475-4C85-B5C9-B36BC6FA3A10}.Release|Any CPU.Build.0 = Release|Any CPU
		{A5085734-3342-4DB0-99DF-6BDD7E533555}.Debug|Any CPU.ActiveCfg = Debug|Any CPU
		{A5085734-3342-4DB0-99DF-6BDD7E533555}.Debug|Any CPU.Build.0 = Debug|Any CPU
		{A5085734-3342-4DB0-99DF-6BDD7E533555}.Release|Any CPU.ActiveCfg = Release|Any CPU
		{A5085734-3342-4DB0-99DF-6BDD7E533555}.Release|Any CPU.Build.0 = Release|Any CPU
		{0D23D4D3-BEBC-4192-B7F6-9F309406AEE7}.Debug|Any CPU.ActiveCfg = Debug|Any CPU
		{0D23D4D3-BEBC-4192-B7F6-9F309406AEE7}.Debug|Any CPU.Build.0 = Debug|Any CPU
		{0D23D4D3-BEBC-4192-B7F6-9F309406AEE7}.Release|Any CPU.ActiveCfg = Release|Any CPU
		{0D23D4D3-BEBC-4192-B7F6-9F309406AEE7}.Release|Any CPU.Build.0 = Release|Any CPU
		{BED80B3B-C0BF-4047-876B-4B452BA1023C}.Debug|Any CPU.ActiveCfg = Debug|Any CPU
		{BED80B3B-C0BF-4047-876B-4B452BA1023C}.Debug|Any CPU.Build.0 = Debug|Any CPU
		{BED80B3B-C0BF-4047-876B-4B452BA1023C}.Release|Any CPU.ActiveCfg = Release|Any CPU
		{BED80B3B-C0BF-4047-876B-4B452BA1023C}.Release|Any CPU.Build.0 = Release|Any CPU
		{2A0C1E1A-D433-4EFF-8F4F-801ACF3C94D4}.Debug|Any CPU.ActiveCfg = Debug|Any CPU
		{2A0C1E1A-D433-4EFF-8F4F-801ACF3C94D4}.Debug|Any CPU.Build.0 = Debug|Any CPU
		{2A0C1E1A-D433-4EFF-8F4F-801ACF3C94D4}.Release|Any CPU.ActiveCfg = Release|Any CPU
		{2A0C1E1A-D433-4EFF-8F4F-801ACF3C94D4}.Release|Any CPU.Build.0 = Release|Any CPU
		{DD710A43-017D-4CCB-B0DF-004DD20D7E47}.Debug|Any CPU.ActiveCfg = Debug|Any CPU
		{DD710A43-017D-4CCB-B0DF-004DD20D7E47}.Debug|Any CPU.Build.0 = Debug|Any CPU
		{DD710A43-017D-4CCB-B0DF-004DD20D7E47}.Release|Any CPU.ActiveCfg = Release|Any CPU
		{DD710A43-017D-4CCB-B0DF-004DD20D7E47}.Release|Any CPU.Build.0 = Release|Any CPU
		{99542885-61AF-4C98-BB5F-5FB7F58D7614}.Debug|Any CPU.ActiveCfg = Debug|Any CPU
		{99542885-61AF-4C98-BB5F-5FB7F58D7614}.Debug|Any CPU.Build.0 = Debug|Any CPU
		{99542885-61AF-4C98-BB5F-5FB7F58D7614}.Release|Any CPU.ActiveCfg = Release|Any CPU
		{99542885-61AF-4C98-BB5F-5FB7F58D7614}.Release|Any CPU.Build.0 = Release|Any CPU
	EndGlobalSection
	GlobalSection(SolutionProperties) = preSolution
		HideSolutionNode = FALSE
	EndGlobalSection
	GlobalSection(NestedProjects) = preSolution
		{58EB6596-6475-4C85-B5C9-B36BC6FA3A10} = {59CD9A80-9EA2-4135-B709-BE2A01B44F54}
		{A5085734-3342-4DB0-99DF-6BDD7E533555} = {CE54C555-4AD5-4370-9515-A6E0643DA719}
		{0D23D4D3-BEBC-4192-B7F6-9F309406AEE7} = {255C5A3C-C1B3-4CFE-BB5C-33C35F10F424}
		{BED80B3B-C0BF-4047-876B-4B452BA1023C} = {365F6108-2089-4E86-8497-0655F9A3F63A}
		{2A0C1E1A-D433-4EFF-8F4F-801ACF3C94D4} = {8C5F454D-D5E4-4757-A9E6-C28F20EDED79}
		{DD710A43-017D-4CCB-B0DF-004DD20D7E47} = {4F786D9E-429C-441F-B513-C4C01F90752E}
		{99542885-61AF-4C98-BB5F-5FB7F58D7614} = {44230358-559C-40E7-8A34-EF38B15756A5}
	EndGlobalSection
	GlobalSection(ExtensibilityGlobals) = postSolution
		SolutionGuid = {18FB05DC-626F-4DEF-8346-CCD7C41C5A60}
	EndGlobalSection
EndGlobal
